
Microsoft Visual Studio Solution File, Format Version 12.00
# Visual Studio Version 16
VisualStudioVersion = 16.0.32901.82
MinimumVisualStudioVersion = 10.0.40219.1
Project("{FAE04EC0-301F-11D3-BF4B-00C04F79EFBC}") = "AnimalRescue", "AnimalRescue\AnimalRescue.csproj", "{8307C28B-8FDB-4C64-9A24-9DA3733A650C}"
EndProject
Global
	GlobalSection(SolutionConfigurationPlatforms) = preSolution
		Debug|Any CPU = Debug|Any CPU
		Release|Any CPU = Release|Any CPU
	EndGlobalSection
	GlobalSection(ProjectConfigurationPlatforms) = postSolution
		{8307C28B-8FDB-4C64-9A24-9DA3733A650C}.Debug|Any CPU.ActiveCfg = Debug|Any CPU
		{8307C28B-8FDB-4C64-9A24-9DA3733A650C}.Debug|Any CPU.Build.0 = Debug|Any CPU
		{8307C28B-8FDB-4C64-9A24-9DA3733A650C}.Release|Any CPU.ActiveCfg = Release|Any CPU
		{8307C28B-8FDB-4C64-9A24-9DA3733A650C}.Release|Any CPU.Build.0 = Release|Any CPU
	EndGlobalSection
	GlobalSection(SolutionProperties) = preSolution
		HideSolutionNode = FALSE
	EndGlobalSection
	GlobalSection(ExtensibilityGlobals) = postSolution
		SolutionGuid = {5D79FB40-B6B0-40D8-A879-16F71F924E73}
	EndGlobalSection
EndGlobal
